
Microsoft Visual Studio Solution File, Format Version 12.00
# Visual Studio 15
VisualStudioVersion = 15.0.28307.779
MinimumVisualStudioVersion = 10.0.40219.1
Project("{FAE04EC0-301F-11D3-BF4B-00C04F79EFBC}") = "MP4_Monteagudo", "MP4_Monteagudo\MP4_Monteagudo.csproj", "{497C4649-8A28-4514-9EE5-55C642CCA41B}"
EndProject
Global
	GlobalSection(SolutionConfigurationPlatforms) = preSolution
		Debug|Any CPU = Debug|Any CPU
		Release|Any CPU = Release|Any CPU
	EndGlobalSection
	GlobalSection(ProjectConfigurationPlatforms) = postSolution
		{497C4649-8A28-4514-9EE5-55C642CCA41B}.Debug|Any CPU.ActiveCfg = Debug|Any CPU
		{497C4649-8A28-4514-9EE5-55C642CCA41B}.Debug|Any CPU.Build.0 = Debug|Any CPU
		{497C4649-8A28-4514-9EE5-55C642CCA41B}.Release|Any CPU.ActiveCfg = Release|Any CPU
		{497C4649-8A28-4514-9EE5-55C642CCA41B}.Release|Any CPU.Build.0 = Release|Any CPU
	EndGlobalSection
	GlobalSection(SolutionProperties) = preSolution
		HideSolutionNode = FALSE
	EndGlobalSection
	GlobalSection(ExtensibilityGlobals) = postSolution
		SolutionGuid = {2ADCFEAE-B0C1-430A-9297-147BCD220C62}
	EndGlobalSection
EndGlobal
